{
  "name": "forgetting-stage-gateway",
  "version": "0.1.0",
  "lockfileVersion": 3,
  "requires": true,
  "packages": {
    "": {
      "name": "forgetting-stage-gateway",
      "version": "0.1.0",
      "dependencies": {
        "@huggingface/tokenizers": "0.1.3"
      }
    },
    "node_modules/@huggingface/tokenizers": {
      "version": "0.1.3",
      "resolved": "https://registry.npmjs.org/@huggingface/tokenizers/-/tokenizers-0.1.3.tgz",
      "integrity": "sha512-8rF/RRT10u+kn7YuUbUg0OF30K8rjTc78aHpxT+qJ1uWSqxT1MHi8+9ltwYfkFYJzT/oS+qw3JVfHtNMGAdqyA==",
      "license": "Apache-2.0"
    }
  }
}
